// !$*UTF8*$!
{
	archiveVersion = 1;
	classes = {
	};
	objectVersion = 55;
	objects = {

/* Begin PBXBuildFile section */
		B17CF47C2D67ED7D00F72047 /* AppDelegate.swift in Sources */ = {isa = PBXBuildFile; fileRef = B17CF47B2D67ED7D00F72047 /* AppDelegate.swift */; };
		B17CF47E2D67ED7D00F72047 /* SceneDelegate.swift in Sources */ = {isa = PBXBuildFile; fileRef = B17CF47D2D67ED7D00F72047 /* SceneDelegate.swift */; };
		B17CF4802D67ED7D00F72047 /* MainViewController.swift in Sources */ = {isa = PBXBuildFile; fileRef = B17CF47F2D67ED7D00F72047 /* MainViewController.swift */; };
		B17CF4832D67ED7D00F72047 /* Main.storyboard in Resources */ = {isa = PBXBuildFile; fileRef = B17CF4812D67ED7D00F72047 /* Main.storyboard */; };
		B17CF4852D67ED8000F72047 /* Assets.xcassets in Resources */ = {isa = PBXBuildFile; fileRef = B17CF4842D67ED8000F72047 /* Assets.xcassets */; };
		B17CF4882D67ED8000F72047 /* LaunchScreen.storyboard in Resources */ = {isa = PBXBuildFile; fileRef = B17CF4862D67ED8000F72047 /* LaunchScreen.storyboard */; };
		B17CF4932D67ED8100F72047 /* CurrencyConverterTests.swift in Sources */ = {isa = PBXBuildFile; fileRef = B17CF4922D67ED8100F72047 /* CurrencyConverterTests.swift */; };
		B17CF49D2D67ED8100F72047 /* CurrencyConverterUITests.swift in Sources */ = {isa = PBXBuildFile; fileRef = B17CF49C2D67ED8100F72047 /* CurrencyConverterUITests.swift */; };
		B17CF49F2D67ED8100F72047 /* CurrencyConverterUITestsLaunchTests.swift in Sources */ = {isa = PBXBuildFile; fileRef = B17CF49E2D67ED8100F72047 /* CurrencyConverterUITestsLaunchTests.swift */; };
		B17CF4AC2D67F0C300F72047 /* CurrencyConverterModel.swift in Sources */ = {isa = PBXBuildFile; fileRef = B17CF4AB2D67F0C300F72047 /* CurrencyConverterModel.swift */; };
		B17CF4AE2D68023F00F72047 /* ResultsViewController.swift in Sources */ = {isa = PBXBuildFile; fileRef = B17CF4AD2D68023F00F72047 /* ResultsViewController.swift */; };
/* End PBXBuildFile section */

/* Begin PBXContainerItemProxy section */
		B17CF48F2D67ED8100F72047 /* PBXContainerItemProxy */ = {
			isa = PBXContainerItemProxy;
			containerPortal = B17CF4702D67ED7D00F72047 /* Project object */;
			proxyType = 1;
			remoteGlobalIDString = B17CF4772D67ED7D00F72047;
			remoteInfo = CurrencyConverter;
		};
		B17CF4992D67ED8100F72047 /* PBXContainerItemProxy */ = {
			isa = PBXContainerItemProxy;
			containerPortal = B17CF4702D67ED7D00F72047 /* Project object */;
			proxyType = 1;
			remoteGlobalIDString = B17CF4772D67ED7D00F72047;
			remoteInfo = CurrencyConverter;
		};
/* End PBXContainerItemProxy section */

/* Begin PBXFileReference section */
		B17CF4782D67ED7D00F72047 /* CurrencyConverter.app */ = {isa = PBXFileReference; explicitFileType = wrapper.application; includeInIndex = 0; path = CurrencyConverter.app; sourceTree = BUILT_PRODUCTS_DIR; };
		B17CF47B2D67ED7D00F72047 /* AppDelegate.swift */ = {isa = PBXFileReference; lastKnownFileType = sourcecode.swift; path = AppDelegate.swift; sourceTree = "<group>"; };
		B17CF47D2D67ED7D00F72047 /* SceneDelegate.swift */ = {isa = PBXFileReference; lastKnownFileType = sourcecode.swift; path = SceneDelegate.swift; sourceTree = "<group>"; };
		B17CF47F2D67ED7D00F72047 /* MainViewController.swift */ = {isa = PBXFileReference; lastKnownFileType = sourcecode.swift; path = MainViewController.swift; sourceTree = "<group>"; };
		B17CF4822D67ED7D00F72047 /* Base */ = {isa = PBXFileReference; lastKnownFileType = file.storyboard; name = Base; path = Base.lproj/Main.storyboard; sourceTree = "<group>"; };
		B17CF4842D67ED8000F72047 /* Assets.xcassets */ = {isa = PBXFileReference; lastKnownFileType = folder.assetcatalog; path = Assets.xcassets; sourceTree = "<group>"; };
		B17CF4872D67ED8000F72047 /* Base */ = {isa = PBXFileReference; lastKnownFileType = file.storyboard; name = Base; path = Base.lproj/LaunchScreen.storyboard; sourceTree = "<group>"; };
		B17CF4892D67ED8000F72047 /* Info.plist */ = {isa = PBXFileReference; lastKnownFileType = text.plist.xml; path = Info.plist; sourceTree = "<group>"; };
		B17CF48E2D67ED8100F72047 /* CurrencyConverterTests.xctest */ = {isa = PBXFileReference; explicitFileType = wrapper.cfbundle; includeInIndex = 0; path = CurrencyConverterTests.xctest; sourceTree = BUILT_PRODUCTS_DIR; };
		B17CF4922D67ED8100F72047 /* CurrencyConverterTests.swift */ = {isa = PBXFileReference; lastKnownFileType = sourcecode.swift; path = CurrencyConverterTests.swift; sourceTree = "<group>"; };
		B17CF4982D67ED8100F72047 /* CurrencyConverterUITests.xctest */ = {isa = PBXFileReference; explicitFileType = wrapper.cfbundle; includeInIndex = 0; path = CurrencyConverterUITests.xctest; sourceTree = BUILT_PRODUCTS_DIR; };
		B17CF49C2D67ED8100F72047 /* CurrencyConverterUITests.swift */ = {isa = PBXFileReference; lastKnownFileType = sourcecode.swift; path = CurrencyConverterUITests.swift; sourceTree = "<group>"; };
		B17CF49E2D67ED8100F72047 /* CurrencyConverterUITestsLaunchTests.swift */ = {isa = PBXFileReference; lastKnownFileType = sourcecode.swift; path = CurrencyConverterUITestsLaunchTests.swift; sourceTree = "<group>"; };
		B17CF4AB2D67F0C300F72047 /* CurrencyConverterModel.swift */ = {isa = PBXFileReference; lastKnownFileType = sourcecode.swift; path = CurrencyConverterModel.swift; sourceTree = "<group>"; };
		B17CF4AD2D68023F00F72047 /* ResultsViewController.swift */ = {isa = PBXFileReference; lastKnownFileType = sourcecode.swift; path = ResultsViewController.swift; sourceTree = "<group>"; };
/* End PBXFileReference section */

/* Begin PBXFrameworksBuildPhase section */
		B17CF4752D67ED7D00F72047 /* Frameworks */ = {
			isa = PBXFrameworksBuildPhase;
			buildActionMask = 2147483647;
			files = (
			);
			runOnlyForDeploymentPostprocessing = 0;
		};
		B17CF48B2D67ED8100F72047 /* Frameworks */ = {
			isa = PBXFrameworksBuildPhase;
			buildActionMask = 2147483647;
			files = (
			);
			runOnlyForDeploymentPostprocessing = 0;
		};
		B17CF4952D67ED8100F72047 /* Frameworks */ = {
			isa = PBXFrameworksBuildPhase;
			buildActionMask = 2147483647;
			files = (
			);
			runOnlyForDeploymentPostprocessing = 0;
		};
/* End PBXFrameworksBuildPhase section */

/* Begin PBXGroup section */
		B17CF46F2D67ED7D00F72047 = {
			isa = PBXGroup;
			children = (
				B17CF47A2D67ED7D00F72047 /* CurrencyConverter */,
				B17CF4912D67ED8100F72047 /* CurrencyConverterTests */,
				B17CF49B2D67ED8100F72047 /* CurrencyConverterUITests */,
				B17CF4792D67ED7D00F72047 /* Products */,
			);
			sourceTree = "<group>";
		};
		B17CF4792D67ED7D00F72047 /* Products */ = {
			isa = PBXGroup;
			children = (
				B17CF4782D67ED7D00F72047 /* CurrencyConverter.app */,
				B17CF48E2D67ED8100F72047 /* CurrencyConverterTests.xctest */,
				B17CF4982D67ED8100F72047 /* CurrencyConverterUITests.xctest */,
			);
			name = Products;
			sourceTree = "<group>";
		};
		B17CF47A2D67ED7D00F72047 /* CurrencyConverter */ = {
			isa = PBXGroup;
			children = (
				B17CF4AF2D68394B00F72047 /* Model */,
				B17CF4B02D68396100F72047 /* ViewController */,
				B17CF47B2D67ED7D00F72047 /* AppDelegate.swift */,
				B17CF47D2D67ED7D00F72047 /* SceneDelegate.swift */,
				B17CF4812D67ED7D00F72047 /* Main.storyboard */,
				B17CF4842D67ED8000F72047 /* Assets.xcassets */,
				B17CF4862D67ED8000F72047 /* LaunchScreen.storyboard */,
				B17CF4892D67ED8000F72047 /* Info.plist */,
			);
			path = CurrencyConverter;
			sourceTree = "<group>";
		};
		B17CF4912D67ED8100F72047 /* CurrencyConverterTests */ = {
			isa = PBXGroup;
			children = (
				B17CF4922D67ED8100F72047 /* CurrencyConverterTests.swift */,
			);
			path = CurrencyConverterTests;
			sourceTree = "<group>";
		};
		B17CF49B2D67ED8100F72047 /* CurrencyConverterUITests */ = {
			isa = PBXGroup;
			children = (
				B17CF49C2D67ED8100F72047 /* CurrencyConverterUITests.swift */,
				B17CF49E2D67ED8100F72047 /* CurrencyConverterUITestsLaunchTests.swift */,
			);
			path = CurrencyConverterUITests;
			sourceTree = "<group>";
		};
		B17CF4AF2D68394B00F72047 /* Model */ = {
			isa = PBXGroup;
			children = (
				B17CF4AB2D67F0C300F72047 /* CurrencyConverterModel.swift */,
			);
			path = Model;
			sourceTree = "<group>";
		};
		B17CF4B02D68396100F72047 /* ViewController */ = {
			isa = PBXGroup;
			children = (
				B17CF4AD2D68023F00F72047 /* ResultsViewController.swift */,
				B17CF47F2D67ED7D00F72047 /* MainViewController.swift */,
			);
			path = ViewController;
			sourceTree = "<group>";
		};
/* End PBXGroup section */

/* Begin PBXNativeTarget section */
		B17CF4772D67ED7D00F72047 /* CurrencyConverter */ = {
			isa = PBXNativeTarget;
			buildConfigurationList = B17CF4A22D67ED8100F72047 /* Build configuration list for PBXNativeTarget "CurrencyConverter" */;
			buildPhases = (
				B17CF4742D67ED7D00F72047 /* Sources */,
				B17CF4752D67ED7D00F72047 /* Frameworks */,
				B17CF4762D67ED7D00F72047 /* Resources */,
			);
			buildRules = (
			);
			dependencies = (
			);
			name = CurrencyConverter;
			productName = CurrencyConverter;
			productReference = B17CF4782D67ED7D00F72047 /* CurrencyConverter.app */;
			productType = "com.apple.product-type.application";
		};
		B17CF48D2D67ED8100F72047 /* CurrencyConverterTests */ = {
			isa = PBXNativeTarget;
			buildConfigurationList = B17CF4A52D67ED8100F72047 /* Build configuration list for PBXNativeTarget "CurrencyConverterTests" */;
			buildPhases = (
				B17CF48A2D67ED8100F72047 /* Sources */,
				B17CF48B2D67ED8100F72047 /* Frameworks */,
				B17CF48C2D67ED8100F72047 /* Resources */,
			);
			buildRules = (
			);
			dependencies = (
				B17CF4902D67ED8100F72047 /* PBXTargetDependency */,
			);
			name = CurrencyConverterTests;
			productName = CurrencyConverterTests;
			productReference = B17CF48E2D67ED8100F72047 /* CurrencyConverterTests.xctest */;
			productType = "com.apple.product-type.bundle.unit-test";
		};
		B17CF4972D67ED8100F72047 /* CurrencyConverterUITests */ = {
			isa = PBXNativeTarget;
			buildConfigurationList = B17CF4A82D67ED8100F72047 /* Build configuration list for PBXNativeTarget "CurrencyConverterUITests" */;
			buildPhases = (
				B17CF4942D67ED8100F72047 /* Sources */,
				B17CF4952D67ED8100F72047 /* Frameworks */,
				B17CF4962D67ED8100F72047 /* Resources */,
			);
			buildRules = (
			);
			dependencies = (
				B17CF49A2D67ED8100F72047 /* PBXTargetDependency */,
			);
			name = CurrencyConverterUITests;
			productName = CurrencyConverterUITests;
			productReference = B17CF4982D67ED8100F72047 /* CurrencyConverterUITests.xctest */;
			productType = "com.apple.product-type.bundle.ui-testing";
		};
/* End PBXNativeTarget section */

/* Begin PBXProject section */
		B17CF4702D67ED7D00F72047 /* Project object */ = {
			isa = PBXProject;
			attributes = {
				BuildIndependentTargetsInParallel = 1;
				LastSwiftUpdateCheck = 1340;
				LastUpgradeCheck = 1340;
				TargetAttributes = {
					B17CF4772D67ED7D00F72047 = {
						CreatedOnToolsVersion = 13.4;
					};
					B17CF48D2D67ED8100F72047 = {
						CreatedOnToolsVersion = 13.4;
						TestTargetID = B17CF4772D67ED7D00F72047;
					};
					B17CF4972D67ED8100F72047 = {
						CreatedOnToolsVersion = 13.4;
						TestTargetID = B17CF4772D67ED7D00F72047;
					};
				};
			};
			buildConfigurationList = B17CF4732D67ED7D00F72047 /* Build configuration list for PBXProject "CurrencyConverter" */;
			compatibilityVersion = "Xcode 13.0";
			developmentRegion = en;
			hasScannedForEncodings = 0;
			knownRegions = (
				en,
				Base,
			);
			mainGroup = B17CF46F2D67ED7D00F72047;
			productRefGroup = B17CF4792D67ED7D00F72047 /* Products */;
			projectDirPath = "";
			projectRoot = "";
			targets = (
				B17CF4772D67ED7D00F72047 /* CurrencyConverter */,
				B17CF48D2D67ED8100F72047 /* CurrencyConverterTests */,
				B17CF4972D67ED8100F72047 /* CurrencyConverterUITests */,
			);
		};
/* End PBXProject section */

/* Begin PBXResourcesBuildPhase section */
		B17CF4762D67ED7D00F72047 /* Resources */ = {
			isa = PBXResourcesBuildPhase;
			buildActionMask = 2147483647;
			files = (
				B17CF4882D67ED8000F72047 /* LaunchScreen.storyboard in Resources */,
				B17CF4852D67ED8000F72047 /* Assets.xcassets in Resources */,
				B17CF4832D67ED7D00F72047 /* Main.storyboard in Resources */,
			);
			runOnlyForDeploymentPostprocessing = 0;
		};
		B17CF48C2D67ED8100F72047 /* Resources */ = {
			isa = PBXResourcesBuildPhase;
			buildActionMask = 2147483647;
			files = (
			);
			runOnlyForDeploymentPostprocessing = 0;
		};
		B17CF4962D67ED8100F72047 /* Resources */ = {
			isa = PBXResourcesBuildPhase;
			buildActionMask = 2147483647;
			files = (
			);
			runOnlyForDeploymentPostprocessing = 0;
		};
/* End PBXResourcesBuildPhase section */

/* Begin PBXSourcesBuildPhase section */
		B17CF4742D67ED7D00F72047 /* Sources */ = {
			isa = PBXSourcesBuildPhase;
			buildActionMask = 2147483647;
			files = (
				B17CF4802D67ED7D00F72047 /* MainViewController.swift in Sources */,
				B17CF47C2D67ED7D00F72047 /* AppDelegate.swift in Sources */,
				B17CF47E2D67ED7D00F72047 /* SceneDelegate.swift in Sources */,
				B17CF4AE2D68023F00F72047 /* ResultsViewController.swift in Sources */,
				B17CF4AC2D67F0C300F72047 /* CurrencyConverterModel.swift in Sources */,
			);
			runOnlyForDeploymentPostprocessing = 0;
		};
		B17CF48A2D67ED8100F72047 /* Sources */ = {
			isa = PBXSourcesBuildPhase;
			buildActionMask = 2147483647;
			files = (
				B17CF4932D67ED8100F72047 /* CurrencyConverterTests.swift in Sources */,
			);
			runOnlyForDeploymentPostprocessing = 0;
		};
		B17CF4942D67ED8100F72047 /* Sources */ = {
			isa = PBXSourcesBuildPhase;
			buildActionMask = 2147483647;
			files = (
				B17CF49F2D67ED8100F72047 /* CurrencyConverterUITestsLaunchTests.swift in Sources */,
				B17CF49D2D67ED8100F72047 /* CurrencyConverterUITests.swift in Sources */,
			);
			runOnlyForDeploymentPostprocessing = 0;
		};
/* End PBXSourcesBuildPhase section */

/* Begin PBXTargetDependency section */
		B17CF4902D67ED8100F72047 /* PBXTargetDependency */ = {
			isa = PBXTargetDependency;
			target = B17CF4772D67ED7D00F72047 /* CurrencyConverter */;
			targetProxy = B17CF48F2D67ED8100F72047 /* PBXContainerItemProxy */;
		};
		B17CF49A2D67ED8100F72047 /* PBXTargetDependency */ = {
			isa = PBXTargetDependency;
			target = B17CF4772D67ED7D00F72047 /* CurrencyConverter */;
			targetProxy = B17CF4992D67ED8100F72047 /* PBXContainerItemProxy */;
		};
/* End PBXTargetDependency section */

/* Begin PBXVariantGroup section */
		B17CF4812D67ED7D00F72047 /* Main.storyboard */ = {
			isa = PBXVariantGroup;
			children = (
				B17CF4822D67ED7D00F72047 /* Base */,
			);
			name = Main.storyboard;
			sourceTree = "<group>";
		};
		B17CF4862D67ED8000F72047 /* LaunchScreen.storyboard */ = {
			isa = PBXVariantGroup;
			children = (
				B17CF4872D67ED8000F72047 /* Base */,
			);
			name = LaunchScreen.storyboard;
			sourceTree = "<group>";
		};
/* End PBXVariantGroup section */

/* Begin XCBuildConfiguration section */
		B17CF4A02D67ED8100F72047 /* Debug */ = {
			isa = XCBuildConfiguration;
			buildSettings = {
				ALWAYS_SEARCH_USER_PATHS = NO;
				CLANG_ANALYZER_NONNULL = YES;
				CLANG_ANALYZER_NUMBER_OBJECT_CONVERSION = YES_AGGRESSIVE;
				CLANG_CXX_LANGUAGE_STANDARD = "gnu++17";
				CLANG_ENABLE_MODULES = YES;
				CLANG_ENABLE_OBJC_ARC = YES;
				CLANG_ENABLE_OBJC_WEAK = YES;
				CLANG_WARN_BLOCK_CAPTURE_AUTORELEASING = YES;
				CLANG_WARN_BOOL_CONVERSION = YES;
				CLANG_WARN_COMMA = YES;
				CLANG_WARN_CONSTANT_CONVERSION = YES;
				CLANG_WARN_DEPRECATED_OBJC_IMPLEMENTATIONS = YES;
				CLANG_WARN_DIRECT_OBJC_ISA_USAGE = YES_ERROR;
				CLANG_WARN_DOCUMENTATION_COMMENTS = YES;
				CLANG_WARN_EMPTY_BODY = YES;
				CLANG_WARN_ENUM_CONVERSION = YES;
				CLANG_WARN_INFINITE_RECURSION = YES;
				CLANG_WARN_INT_CONVERSION = YES;
				CLANG_WARN_NON_LITERAL_NULL_CONVERSION = YES;
				CLANG_WARN_OBJC_IMPLICIT_RETAIN_SELF = YES;
				CLANG_WARN_OBJC_LITERAL_CONVERSION = YES;
				CLANG_WARN_OBJC_ROOT_CLASS = YES_ERROR;
				CLANG_WARN_QUOTED_INCLUDE_IN_FRAMEWORK_HEADER = YES;
				CLANG_WARN_RANGE_LOOP_ANALYSIS = YES;
				CLANG_WARN_STRICT_PROTOTYPES = YES;
				CLANG_WARN_SUSPICIOUS_MOVE = YES;
				CLANG_WARN_UNGUARDED_AVAILABILITY = YES_AGGRESSIVE;
				CLANG_WARN_UNREACHABLE_CODE = YES;
				CLANG_WARN__DUPLICATE_METHOD_MATCH = YES;
				COPY_PHASE_STRIP = NO;
				DEBUG_INFORMATION_FORMAT = dwarf;
				ENABLE_STRICT_OBJC_MSGSEND = YES;
				ENABLE_TESTABILITY = YES;
				GCC_C_LANGUAGE_STANDARD = gnu11;
				GCC_DYNAMIC_NO_PIC = NO;
				GCC_NO_COMMON_BLOCKS = YES;
				GCC_OPTIMIZATION_LEVEL = 0;
				GCC_PREPROCESSOR_DEFINITIONS = (
					"DEBUG=1",
					"$(inherited)",
				);
				GCC_WARN_64_TO_32_BIT_CONVERSION = YES;
				GCC_WARN_ABOUT_RETURN_TYPE = YES_ERROR;
				GCC_WARN_UNDECLARED_SELECTOR = YES;
				GCC_WARN_UNINITIALIZED_AUTOS = YES_AGGRESSIVE;
				GCC_WARN_UNUSED_FUNCTION = YES;
				GCC_WARN_UNUSED_VARIABLE = YES;
				IPHONEOS_DEPLOYMENT_TARGET = 15.5;
				MTL_ENABLE_DEBUG_INFO = INCLUDE_SOURCE;
				MTL_FAST_MATH = YES;
				ONLY_ACTIVE_ARCH = YES;
				SDKROOT = iphoneos;
				SWIFT_ACTIVE_COMPILATION_CONDITIONS = DEBUG;
				SWIFT_OPTIMIZATION_LEVEL = "-Onone";
			};
			name = Debug;
		};
		B17CF4A12D67ED8100F72047 /* Release */ = {
			isa = XCBuildConfiguration;
			buildSettings = {
				ALWAYS_SEARCH_USER_PATHS = NO;
				CLANG_ANALYZER_NONNULL = YES;
				CLANG_ANALYZER_NUMBER_OBJECT_CONVERSION = YES_AGGRESSIVE;
				CLANG_CXX_LANGUAGE_STANDARD = "gnu++17";
				CLANG_ENABLE_MODULES = YES;
				CLANG_ENABLE_OBJC_ARC = YES;
				CLANG_ENABLE_OBJC_WEAK = YES;
				CLANG_WARN_BLOCK_CAPTURE_AUTORELEASING = YES;
				CLANG_WARN_BOOL_CONVERSION = YES;
				CLANG_WARN_COMMA = YES;
				CLANG_WARN_CONSTANT_CONVERSION = YES;
				CLANG_WARN_DEPRECATED_OBJC_IMPLEMENTATIONS = YES;
				CLANG_WARN_DIRECT_OBJC_ISA_USAGE = YES_ERROR;
				CLANG_WARN_DOCUMENTATION_COMMENTS = YES;
				CLANG_WARN_EMPTY_BODY = YES;
				CLANG_WARN_ENUM_CONVERSION = YES;
				CLANG_WARN_INFINITE_RECURSION = YES;
				CLANG_WARN_INT_CONVERSION = YES;
				CLANG_WARN_NON_LITERAL_NULL_CONVERSION = YES;
				CLANG_WARN_OBJC_IMPLICIT_RETAIN_SELF = YES;
				CLANG_WARN_OBJC_LITERAL_CONVERSION = YES;
				CLANG_WARN_OBJC_ROOT_CLASS = YES_ERROR;
				CLANG_WARN_QUOTED_INCLUDE_IN_FRAMEWORK_HEADER = YES;
				CLANG_WARN_RANGE_LOOP_ANALYSIS = YES;
				CLANG_WARN_STRICT_PROTOTYPES = YES;
				CLANG_WARN_SUSPICIOUS_MOVE = YES;
				CLANG_WARN_UNGUARDED_AVAILABILITY = YES_AGGRESSIVE;
				CLANG_WARN_UNREACHABLE_CODE = YES;
				CLANG_WARN__DUPLICATE_METHOD_MATCH = YES;
				COPY_PHASE_STRIP = NO;
				DEBUG_INFORMATION_FORMAT = "dwarf-with-dsym";
				ENABLE_NS_ASSERTIONS = NO;
				ENABLE_STRICT_OBJC_MSGSEND = YES;
				GCC_C_LANGUAGE_STANDARD = gnu11;
				GCC_NO_COMMON_BLOCKS = YES;
				GCC_WARN_64_TO_32_BIT_CONVERSION = YES;
				GCC_WARN_ABOUT_RETURN_TYPE = YES_ERROR;
				GCC_WARN_UNDECLARED_SELECTOR = YES;
				GCC_WARN_UNINITIALIZED_AUTOS = YES_AGGRESSIVE;
				GCC_WARN_UNUSED_FUNCTION = YES;
				GCC_WARN_UNUSED_VARIABLE = YES;
				IPHONEOS_DEPLOYMENT_TARGET = 15.5;
				MTL_ENABLE_DEBUG_INFO = NO;
				MTL_FAST_MATH = YES;
				SDKROOT = iphoneos;
				SWIFT_COMPILATION_MODE = wholemodule;
				SWIFT_OPTIMIZATION_LEVEL = "-O";
				VALIDATE_PRODUCT = YES;
			};
			name = Release;
		};
		B17CF4A32D67ED8100F72047 /* Debug */ = {
			isa = XCBuildConfiguration;
			buildSettings = {
				ASSETCATALOG_COMPILER_APPICON_NAME = AppIcon;
				ASSETCATALOG_COMPILER_GLOBAL_ACCENT_COLOR_NAME = AccentColor;
				CODE_SIGN_STYLE = Automatic;
				CURRENT_PROJECT_VERSION = 1;
				GENERATE_INFOPLIST_FILE = YES;
				INFOPLIST_FILE = CurrencyConverter/Info.plist;
				INFOPLIST_KEY_UIApplicationSupportsIndirectInputEvents = YES;
				INFOPLIST_KEY_UILaunchStoryboardName = LaunchScreen;
				INFOPLIST_KEY_UIMainStoryboardFile = Main;
				INFOPLIST_KEY_UISupportedInterfaceOrientations = "UIInterfaceOrientationPortrait UIInterfaceOrientationPortraitUpsideDown UIInterfaceOrientationLandscapeLeft UIInterfaceOrientationLandscapeRight";
				INFOPLIST_KEY_UISupportedInterfaceOrientations_iPad = "UIInterfaceOrientationPortrait UIInterfaceOrientationPortraitUpsideDown UIInterfaceOrientationLandscapeLeft UIInterfaceOrientationLandscapeRight";
				INFOPLIST_KEY_UISupportedInterfaceOrientations_iPhone = "UIInterfaceOrientationPortrait UIInterfaceOrientationLandscapeLeft UIInterfaceOrientationLandscapeRight";
				LD_RUNPATH_SEARCH_PATHS = (
					"$(inherited)",
					"@executable_path/Frameworks",
				);
				MARKETING_VERSION = 1.0;
				PRODUCT_BUNDLE_IDENTIFIER = edu.auburn.onlinecsse.CurrencyConverter;
				PRODUCT_NAME = "$(TARGET_NAME)";
				SWIFT_EMIT_LOC_STRINGS = YES;
				SWIFT_VERSION = 5.0;
				TARGETED_DEVICE_FAMILY = "1,2";
			};
			name = Debug;
		};
		B17CF4A42D67ED8100F72047 /* Release */ = {
			isa = XCBuildConfiguration;
			buildSettings = {
				ASSETCATALOG_COMPILER_APPICON_NAME = AppIcon;
				ASSETCATALOG_COMPILER_GLOBAL_ACCENT_COLOR_NAME = AccentColor;
				CODE_SIGN_STYLE = Automatic;
				CURRENT_PROJECT_VERSION = 1;
				GENERATE_INFOPLIST_FILE = YES;
				INFOPLIST_FILE = CurrencyConverter/Info.plist;
				INFOPLIST_KEY_UIApplicationSupportsIndirectInputEvents = YES;
				INFOPLIST_KEY_UILaunchStoryboardName = LaunchScreen;
				INFOPLIST_KEY_UIMainStoryboardFile = Main;
				INFOPLIST_KEY_UISupportedInterfaceOrientations = "UIInterfaceOrientationPortrait UIInterfaceOrientationPortraitUpsideDown UIInterfaceOrientationLandscapeLeft UIInterfaceOrientationLandscapeRight";
				INFOPLIST_KEY_UISupportedInterfaceOrientations_iPad = "UIInterfaceOrientationPortrait UIInterfaceOrientationPortraitUpsideDown UIInterfaceOrientationLandscapeLeft UIInterfaceOrientationLandscapeRight";
				INFOPLIST_KEY_UISupportedInterfaceOrientations_iPhone = "UIInterfaceOrientationPortrait UIInterfaceOrientationLandscapeLeft UIInterfaceOrientationLandscapeRight";
				LD_RUNPATH_SEARCH_PATHS = (
					"$(inherited)",
					"@executable_path/Frameworks",
				);
				MARKETING_VERSION = 1.0;
				PRODUCT_BUNDLE_IDENTIFIER = edu.auburn.onlinecsse.CurrencyConverter;
				PRODUCT_NAME = "$(TARGET_NAME)";
				SWIFT_EMIT_LOC_STRINGS = YES;
				SWIFT_VERSION = 5.0;
				TARGETED_DEVICE_FAMILY = "1,2";
			};
			name = Release;
		};
		B17CF4A62D67ED8100F72047 /* Debug */ = {
			isa = XCBuildConfiguration;
			buildSettings = {
				ALWAYS_EMBED_SWIFT_STANDARD_LIBRARIES = YES;
				BUNDLE_LOADER = "$(TEST_HOST)";
				CODE_SIGN_STYLE = Automatic;
				CURRENT_PROJECT_VERSION = 1;
				GENERATE_INFOPLIST_FILE = YES;
				IPHONEOS_DEPLOYMENT_TARGET = 15.5;
				MARKETING_VERSION = 1.0;
				PRODUCT_BUNDLE_IDENTIFIER = edu.auburn.onlinecsse.CurrencyConverterTests;
				PRODUCT_NAME = "$(TARGET_NAME)";
				SWIFT_EMIT_LOC_STRINGS = NO;
				SWIFT_VERSION = 5.0;
				TARGETED_DEVICE_FAMILY = "1,2";
				TEST_HOST = "$(BUILT_PRODUCTS_DIR)/CurrencyConverter.app/CurrencyConverter";
			};
			name = Debug;
		};
		B17CF4A72D67ED8100F72047 /* Release */ = {
			isa = XCBuildConfiguration;
			buildSettings = {
				ALWAYS_EMBED_SWIFT_STANDARD_LIBRARIES = YES;
				BUNDLE_LOADER = "$(TEST_HOST)";
				CODE_SIGN_STYLE = Automatic;
				CURRENT_PROJECT_VERSION = 1;
				GENERATE_INFOPLIST_FILE = YES;
				IPHONEOS_DEPLOYMENT_TARGET = 15.5;
				MARKETING_VERSION = 1.0;
				PRODUCT_BUNDLE_IDENTIFIER = edu.auburn.onlinecsse.CurrencyConverterTests;
				PRODUCT_NAME = "$(TARGET_NAME)";
				SWIFT_EMIT_LOC_STRINGS = NO;
				SWIFT_VERSION = 5.0;
				TARGETED_DEVICE_FAMILY = "1,2";
				TEST_HOST = "$(BUILT_PRODUCTS_DIR)/CurrencyConverter.app/CurrencyConverter";
			};
			name = Release;
		};
		B17CF4A92D67ED8100F72047 /* Debug */ = {
			isa = XCBuildConfiguration;
			buildSettings = {
				ALWAYS_EMBED_SWIFT_STANDARD_LIBRARIES = YES;
				CODE_SIGN_STYLE = Automatic;
				CURRENT_PROJECT_VERSION = 1;
				GENERATE_INFOPLIST_FILE = YES;
				MARKETING_VERSION = 1.0;
				PRODUCT_BUNDLE_IDENTIFIER = edu.auburn.onlinecsse.CurrencyConverterUITests;
				PRODUCT_NAME = "$(TARGET_NAME)";
				SWIFT_EMIT_LOC_STRINGS = NO;
				SWIFT_VERSION = 5.0;
				TARGETED_DEVICE_FAMILY = "1,2";
				TEST_TARGET_NAME = CurrencyConverter;
			};
			name = Debug;
		};
		B17CF4AA2D67ED8100F72047 /* Release */ = {
			isa = XCBuildConfiguration;
			buildSettings = {
				ALWAYS_EMBED_SWIFT_STANDARD_LIBRARIES = YES;
				CODE_SIGN_STYLE = Automatic;
				CURRENT_PROJECT_VERSION = 1;
				GENERATE_INFOPLIST_FILE = YES;
				MARKETING_VERSION = 1.0;
				PRODUCT_BUNDLE_IDENTIFIER = edu.auburn.onlinecsse.CurrencyConverterUITests;
				PRODUCT_NAME = "$(TARGET_NAME)";
				SWIFT_EMIT_LOC_STRINGS = NO;
				SWIFT_VERSION = 5.0;
				TARGETED_DEVICE_FAMILY = "1,2";
				TEST_TARGET_NAME = CurrencyConverter;
			};
			name = Release;
		};
/* End XCBuildConfiguration section */

/* Begin XCConfigurationList section */
		B17CF4732D67ED7D00F72047 /* Build configuration list for PBXProject "CurrencyConverter" */ = {
			isa = XCConfigurationList;
			buildConfigurations = (
				B17CF4A02D67ED8100F72047 /* Debug */,
				B17CF4A12D67ED8100F72047 /* Release */,
			);
			defaultConfigurationIsVisible = 0;
			defaultConfigurationName = Release;
		};
		B17CF4A22D67ED8100F72047 /* Build configuration list for PBXNativeTarget "CurrencyConverter" */ = {
			isa = XCConfigurationList;
			buildConfigurations = (
				B17CF4A32D67ED8100F72047 /* Debug */,
				B17CF4A42D67ED8100F72047 /* Release */,
			);
			defaultConfigurationIsVisible = 0;
			defaultConfigurationName = Release;
		};
		B17CF4A52D67ED8100F72047 /* Build configuration list for PBXNativeTarget "CurrencyConverterTests" */ = {
			isa = XCConfigurationList;
			buildConfigurations = (
				B17CF4A62D67ED8100F72047 /* Debug */,
				B17CF4A72D67ED8100F72047 /* Release */,
			);
			defaultConfigurationIsVisible = 0;
			defaultConfigurationName = Release;
		};
		B17CF4A82D67ED8100F72047 /* Build configuration list for PBXNativeTarget "CurrencyConverterUITests" */ = {
			isa = XCConfigurationList;
			buildConfigurations = (
				B17CF4A92D67ED8100F72047 /* Debug */,
				B17CF4AA2D67ED8100F72047 /* Release */,
			);
			defaultConfigurationIsVisible = 0;
			defaultConfigurationName = Release;
		};
/* End XCConfigurationList section */
	};
	rootObject = B17CF4702D67ED7D00F72047 /* Project object */;
}
